PODS:
  - Alamofire (5.6.4)
  - AvailableHapticFeedback (1.0.4)
  - Branch (1.45.2)
  - BRYXBanner (0.8.4)
  - GrowingTextView (0.7.2)
  - IQKeyboardManager (6.5.10)
  - Kingfisher (7.7.0)
  - Koloda (5.0.1):
    - pop (~> 1.0)
  - MultiSlider (2.1.2):
    - AvailableHapticFeedback
    - SweeterSwift
  - pop (1.0.12)
  - SVProgressHUD (2.2.5)
  - SweeterSwift (1.2.3)

DEPENDENCIES:
  - Alamofire
  - Branch
  - BRYXBanner
  - GrowingTextView
  - IQKeyboardManager
  - Kingfisher (~> 7.0)
  - Koloda
  - MultiSlider
  - SVProgressHUD

SPEC REPOS:
  trunk:
    - Alamofire
    - AvailableHapticFeedback
    - Branch
    - BRYXBanner
    - GrowingTextView
    - IQKeyboardManager
    - Kingfisher
    - Koloda
    - MultiSlider
    - pop
    - SVProgressHUD
    - SweeterSwift

SPEC CHECKSUMS:
  Alamofire: 4e95d97098eacb88856099c4fc79b526a299e48c
  AvailableHapticFeedback: cd3cb476743764b3efe8645d25e6b359d375ddb0
  Branch: c1a7fa1811ef9203c01bc6c2588a229eb3ee1a84
  BRYXBanner: 4fbd266f96ce000e4c6cc9a0558c446bd88d9801
  GrowingTextView: 876bf42005b5e4a4fd740597db12caaf41f0fe6c
  IQKeyboardManager: 45a1fa55c1a5b02c61ac0fd7fd5b62bb4ad20d97
  Kingfisher: f043ac666dfc96c1f37604f93effb45a7ee3a3e1
  Koloda: d07b9199a383abc5898b62aa945a599f5e7c0c4b
  MultiSlider: 81f5eb60f0a05073e6ee49c0b90426e4d1267b02
  pop: d582054913807fd11fd50bfe6a539d91c7e1a55a
  SVProgressHUD: 1428aafac632c1f86f62aa4243ec12008d7a51d6
  SweeterSwift: 3910bab8ba35b6964d5169a3c52b2c87d930b61c

PODFILE CHECKSUM: d368e9027d1d0da0a159ab53e095e37c2ad3b53e

COCOAPODS: 1.11.3
